
Microsoft Visual Studio Solution File, Format Version 11.00
# Visual Studio 2010
Project("{8BC9CEB8-8B4A-11D0-8D11-00A0C91BC942}") = "calculate_point", "calculate_point\calculate_point.vcxproj", "{FF5CA37E-9FA6-452F-AA7B-F0A05AAB5F6D}"
EndProject
Global
	GlobalSection(SolutionConfigurationPlatforms) = preSolution
		Debug|Win32 = Debug|Win32
		Release|Win32 = Release|Win32
	EndGlobalSection
	GlobalSection(ProjectConfigurationPlatforms) = postSolution
		{FF5CA37E-9FA6-452F-AA7B-F0A05AAB5F6D}.Debug|Win32.ActiveCfg = Debug|Win32
		{FF5CA37E-9FA6-452F-AA7B-F0A05AAB5F6D}.Debug|Win32.Build.0 = Debug|Win32
		{FF5CA37E-9FA6-452F-AA7B-F0A05AAB5F6D}.Release|Win32.ActiveCfg = Release|Win32
		{FF5CA37E-9FA6-452F-AA7B-F0A05AAB5F6D}.Release|Win32.Build.0 = Release|Win32
	EndGlobalSection
	GlobalSection(SolutionProperties) = preSolution
		HideSolutionNode = FALSE
	EndGlobalSection
EndGlobal
