
Microsoft Visual Studio Solution File, Format Version 11.00
# Visual Studio 2010
Project("{FAE04EC0-301F-11D3-BF4B-00C04F79EFBC}") = "WpfApplication1", "WpfApplication1\WpfApplication1.csproj", "{8A7C754E-9D4D-481B-A754-7EEAD54FB182}"
EndProject
Project("{8BC9CEB8-8B4A-11D0-8D11-00A0C91BC942}") = "calculate_point", "calculate_point\calculate_point\calculate_point.vcxproj", "{FF5CA37E-9FA6-452F-AA7B-F0A05AAB5F6D}"
EndProject
Project("{54435603-DBB4-11D2-8724-00A0C9A8B90C}") = "Setup", "Setup\Setup.vdproj", "{6A91D12D-6CB9-4C56-9AFB-E6B2FCC4DAA9}"
EndProject
Global
	GlobalSection(SolutionConfigurationPlatforms) = preSolution
		Debug|Mixed Platforms = Debug|Mixed Platforms
		Debug|Win32 = Debug|Win32
		Debug|x86 = Debug|x86
		Release|Mixed Platforms = Release|Mixed Platforms
		Release|Win32 = Release|Win32
		Release|x86 = Release|x86
	EndGlobalSection
	GlobalSection(ProjectConfigurationPlatforms) = postSolution
		{8A7C754E-9D4D-481B-A754-7EEAD54FB182}.Debug|Mixed Platforms.ActiveCfg = Debug|x86
		{8A7C754E-9D4D-481B-A754-7EEAD54FB182}.Debug|Mixed Platforms.Build.0 = Debug|x86
		{8A7C754E-9D4D-481B-A754-7EEAD54FB182}.Debug|Win32.ActiveCfg = Debug|x86
		{8A7C754E-9D4D-481B-A754-7EEAD54FB182}.Debug|x86.ActiveCfg = Debug|x86
		{8A7C754E-9D4D-481B-A754-7EEAD54FB182}.Debug|x86.Build.0 = Debug|x86
		{8A7C754E-9D4D-481B-A754-7EEAD54FB182}.Release|Mixed Platforms.ActiveCfg = Release|x86
		{8A7C754E-9D4D-481B-A754-7EEAD54FB182}.Release|Mixed Platforms.Build.0 = Release|x86
		{8A7C754E-9D4D-481B-A754-7EEAD54FB182}.Release|Win32.ActiveCfg = Release|x86
		{8A7C754E-9D4D-481B-A754-7EEAD54FB182}.Release|x86.ActiveCfg = Release|x86
		{8A7C754E-9D4D-481B-A754-7EEAD54FB182}.Release|x86.Build.0 = Release|x86
		{FF5CA37E-9FA6-452F-AA7B-F0A05AAB5F6D}.Debug|Mixed Platforms.ActiveCfg = Debug|Win32
		{FF5CA37E-9FA6-452F-AA7B-F0A05AAB5F6D}.Debug|Mixed Platforms.Build.0 = Debug|Win32
		{FF5CA37E-9FA6-452F-AA7B-F0A05AAB5F6D}.Debug|Win32.ActiveCfg = Debug|Win32
		{FF5CA37E-9FA6-452F-AA7B-F0A05AAB5F6D}.Debug|Win32.Build.0 = Debug|Win32
		{FF5CA37E-9FA6-452F-AA7B-F0A05AAB5F6D}.Debug|x86.ActiveCfg = Debug|Win32
		{FF5CA37E-9FA6-452F-AA7B-F0A05AAB5F6D}.Release|Mixed Platforms.ActiveCfg = Release|Win32
		{FF5CA37E-9FA6-452F-AA7B-F0A05AAB5F6D}.Release|Mixed Platforms.Build.0 = Release|Win32
		{FF5CA37E-9FA6-452F-AA7B-F0A05AAB5F6D}.Release|Win32.ActiveCfg = Release|Win32
		{FF5CA37E-9FA6-452F-AA7B-F0A05AAB5F6D}.Release|Win32.Build.0 = Release|Win32
		{FF5CA37E-9FA6-452F-AA7B-F0A05AAB5F6D}.Release|x86.ActiveCfg = Release|Win32
		{6A91D12D-6CB9-4C56-9AFB-E6B2FCC4DAA9}.Debug|Mixed Platforms.ActiveCfg = Debug
		{6A91D12D-6CB9-4C56-9AFB-E6B2FCC4DAA9}.Debug|Win32.ActiveCfg = Debug
		{6A91D12D-6CB9-4C56-9AFB-E6B2FCC4DAA9}.Debug|x86.ActiveCfg = Debug
		{6A91D12D-6CB9-4C56-9AFB-E6B2FCC4DAA9}.Release|Mixed Platforms.ActiveCfg = Release
		{6A91D12D-6CB9-4C56-9AFB-E6B2FCC4DAA9}.Release|Win32.ActiveCfg = Release
		{6A91D12D-6CB9-4C56-9AFB-E6B2FCC4DAA9}.Release|x86.ActiveCfg = Release
	EndGlobalSection
	GlobalSection(SolutionProperties) = preSolution
		HideSolutionNode = FALSE
	EndGlobalSection
EndGlobal
